
Microsoft Visual Studio Solution File, Format Version 12.00
# Visual Studio Version 17
VisualStudioVersion = 17.4.33403.182
MinimumVisualStudioVersion = 10.0.40219.1
Project("{9A19103F-16F7-4668-BE54-9A1E7A4F7556}") = "SQSPublisherExample", "SQSPublisherExample\SQSPublisherExample.csproj", "{08505378-26A3-464D-9857-03191909C84A}"
EndProject
Project("{9A19103F-16F7-4668-BE54-9A1E7A4F7556}") = "SQSConsumerExample", "SQSConsumerExample\SQSConsumerExample.csproj", "{4305053C-B6B7-41E0-A97B-4A9EFD240B32}"
EndProject
Project("{FAE04EC0-301F-11D3-BF4B-00C04F79EFBC}") = "SQSConsumerAppExample", "SQSConsumerAppExample\SQSConsumerAppExample.csproj", "{8CFA3363-BE54-4EFD-9151-7C9140D10184}"
EndProject
Global
	GlobalSection(SolutionConfigurationPlatforms) = preSolution
		Debug|Any CPU = Debug|Any CPU
		Release|Any CPU = Release|Any CPU
	EndGlobalSection
	GlobalSection(ProjectConfigurationPlatforms) = postSolution
		{08505378-26A3-464D-9857-03191909C84A}.Debug|Any CPU.ActiveCfg = Debug|Any CPU
		{08505378-26A3-464D-9857-03191909C84A}.Debug|Any CPU.Build.0 = Debug|Any CPU
		{08505378-26A3-464D-9857-03191909C84A}.Release|Any CPU.ActiveCfg = Release|Any CPU
		{08505378-26A3-464D-9857-03191909C84A}.Release|Any CPU.Build.0 = Release|Any CPU
		{4305053C-B6B7-41E0-A97B-4A9EFD240B32}.Debug|Any CPU.ActiveCfg = Debug|Any CPU
		{4305053C-B6B7-41E0-A97B-4A9EFD240B32}.Debug|Any CPU.Build.0 = Debug|Any CPU
		{4305053C-B6B7-41E0-A97B-4A9EFD240B32}.Release|Any CPU.ActiveCfg = Release|Any CPU
		{4305053C-B6B7-41E0-A97B-4A9EFD240B32}.Release|Any CPU.Build.0 = Release|Any CPU
		{8CFA3363-BE54-4EFD-9151-7C9140D10184}.Debug|Any CPU.ActiveCfg = Debug|Any CPU
		{8CFA3363-BE54-4EFD-9151-7C9140D10184}.Debug|Any CPU.Build.0 = Debug|Any CPU
		{8CFA3363-BE54-4EFD-9151-7C9140D10184}.Release|Any CPU.ActiveCfg = Release|Any CPU
		{8CFA3363-BE54-4EFD-9151-7C9140D10184}.Release|Any CPU.Build.0 = Release|Any CPU
	EndGlobalSection
	GlobalSection(SolutionProperties) = preSolution
		HideSolutionNode = FALSE
	EndGlobalSection
	GlobalSection(ExtensibilityGlobals) = postSolution
		SolutionGuid = {4A6516FC-FE3E-4D7C-9315-AAF18F5EB396}
	EndGlobalSection
EndGlobal
